
Microsoft Visual Studio Solution File, Format Version 12.00
# Visual Studio Version 17
VisualStudioVersion = 17.7.34031.279
MinimumVisualStudioVersion = 10.0.40219.1
Project("{FAE04EC0-301F-11D3-BF4B-00C04F79EFBC}") = "Recursion", "Recursion\Recursion.csproj", "{8CBC9ECE-3B15-487B-A89B-0EFE8CE0F9D5}"
EndProject
Global
	GlobalSection(SolutionConfigurationPlatforms) = preSolution
		Debug|Any CPU = Debug|Any CPU
		Release|Any CPU = Release|Any CPU
	EndGlobalSection
	GlobalSection(ProjectConfigurationPlatforms) = postSolution
		{8CBC9ECE-3B15-487B-A89B-0EFE8CE0F9D5}.Debug|Any CPU.ActiveCfg = Debug|Any CPU
		{8CBC9ECE-3B15-487B-A89B-0EFE8CE0F9D5}.Debug|Any CPU.Build.0 = Debug|Any CPU
		{8CBC9ECE-3B15-487B-A89B-0EFE8CE0F9D5}.Release|Any CPU.ActiveCfg = Release|Any CPU
		{8CBC9ECE-3B15-487B-A89B-0EFE8CE0F9D5}.Release|Any CPU.Build.0 = Release|Any CPU
	EndGlobalSection
	GlobalSection(SolutionProperties) = preSolution
		HideSolutionNode = FALSE
	EndGlobalSection
	GlobalSection(ExtensibilityGlobals) = postSolution
		SolutionGuid = {0FA394E4-243A-48F1-8064-9E7438C0D2D7}
	EndGlobalSection
EndGlobal
